// !$*UTF8*$!
{
	archiveVersion = 1;
	classes = {
	};
	objectVersion = 56;
	objects = {

/* Begin PBXBuildFile section */
		3C1C2C2B2A781362008EEB95 /* AppDelegate.swift in Sources */ = {isa = PBXBuildFile; fileRef = 3C1C2C2A2A781362008EEB95 /* AppDelegate.swift */; };
		3C1C2C2D2A781362008EEB95 /* SceneDelegate.swift in Sources */ = {isa = PBXBuildFile; fileRef = 3C1C2C2C2A781362008EEB95 /* SceneDelegate.swift */; };
		3C1C2C342A781364008EEB95 /* Assets.xcassets in Resources */ = {isa = PBXBuildFile; fileRef = 3C1C2C332A781364008EEB95 /* Assets.xcassets */; };
		3C1C2C372A781364008EEB95 /* LaunchScreen.storyboard in Resources */ = {isa = PBXBuildFile; fileRef = 3C1C2C352A781364008EEB95 /* LaunchScreen.storyboard */; };
		3C1C2C812A979E58008EEB95 /* Main.storyboard in Resources */ = {isa = PBXBuildFile; fileRef = 3C1C2C802A979E58008EEB95 /* Main.storyboard */; };
		3C1C2C842A979E78008EEB95 /* UIColorAndExtension .swift in Sources */ = {isa = PBXBuildFile; fileRef = 3C1C2C832A979E78008EEB95 /* UIColorAndExtension .swift */; };
		3C1C2C892A979E8E008EEB95 /* ImageListCell.swift in Sources */ = {isa = PBXBuildFile; fileRef = 3C1C2C862A979E8E008EEB95 /* ImageListCell.swift */; };
		3C1C2C8A2A979E8E008EEB95 /* ImagesListViewController.swift in Sources */ = {isa = PBXBuildFile; fileRef = 3C1C2C872A979E8E008EEB95 /* ImagesListViewController.swift */; };
		3C1C2C8D2A989386008EEB95 /* ProfileViewController.swift in Sources */ = {isa = PBXBuildFile; fileRef = 3C1C2C8C2A989386008EEB95 /* ProfileViewController.swift */; };
		3C1C2C8F2A9D3DBC008EEB95 /* SingleImageViewController.swift in Sources */ = {isa = PBXBuildFile; fileRef = 3C1C2C8E2A9D3DBC008EEB95 /* SingleImageViewController.swift */; };
		3C2C23762BA0E64300AFF559 /* WebViewTests.swift in Sources */ = {isa = PBXBuildFile; fileRef = 3C2C23752BA0E64300AFF559 /* WebViewTests.swift */; };
		3C2C237D2BA0E7D000AFF559 /* WebViewControllerMock.swift in Sources */ = {isa = PBXBuildFile; fileRef = 3C2C237C2BA0E7D000AFF559 /* WebViewControllerMock.swift */; };
		3C2C237F2BA0E97000AFF559 /* ProfileViewControllerTests.swift in Sources */ = {isa = PBXBuildFile; fileRef = 3C2C237E2BA0E97000AFF559 /* ProfileViewControllerTests.swift */; };
		3C2C23812BA0E9BC00AFF559 /* ProfileViewControllerMock.swift in Sources */ = {isa = PBXBuildFile; fileRef = 3C2C23802BA0E9BC00AFF559 /* ProfileViewControllerMock.swift */; };
		3C2C23832BA0ED4C00AFF559 /* ImageListViewControllerMock.swift in Sources */ = {isa = PBXBuildFile; fileRef = 3C2C23822BA0ED4C00AFF559 /* ImageListViewControllerMock.swift */; };
		3C2C23852BA0ED5C00AFF559 /* ImageListViewControllerTests.swift in Sources */ = {isa = PBXBuildFile; fileRef = 3C2C23842BA0ED5C00AFF559 /* ImageListViewControllerTests.swift */; };
		3C32D0F12B4ED24C00F089D6 /* CleanService.swift in Sources */ = {isa = PBXBuildFile; fileRef = 3C32D0F02B4ED24C00F089D6 /* CleanService.swift */; };
		3C32D0F42B4ED37100F089D6 /* Photo.swift in Sources */ = {isa = PBXBuildFile; fileRef = 3C32D0F32B4ED37100F089D6 /* Photo.swift */; };
		3C32D0F62B4ED39800F089D6 /* UrlsResult.swift in Sources */ = {isa = PBXBuildFile; fileRef = 3C32D0F52B4ED39800F089D6 /* UrlsResult.swift */; };
		3C32D0F82B4ED3B600F089D6 /* PhotoResult.swift in Sources */ = {isa = PBXBuildFile; fileRef = 3C32D0F72B4ED3B600F089D6 /* PhotoResult.swift */; };
		3C32D0FA2B4ED4B200F089D6 /* ProfileResult.swift in Sources */ = {isa = PBXBuildFile; fileRef = 3C32D0F92B4ED4B200F089D6 /* ProfileResult.swift */; };
		3C32D0FC2B4ED51700F089D6 /* UserResult.swift in Sources */ = {isa = PBXBuildFile; fileRef = 3C32D0FB2B4ED51700F089D6 /* UserResult.swift */; };
		3C32D0FE2B4ED53100F089D6 /* ProfileImage.swift in Sources */ = {isa = PBXBuildFile; fileRef = 3C32D0FD2B4ED53100F089D6 /* ProfileImage.swift */; };
		3C37ABD12B309C6800B5AF14 /* ImagesListService.swift in Sources */ = {isa = PBXBuildFile; fileRef = 3C37ABD02B309C6800B5AF14 /* ImagesListService.swift */; };
		3C3F461F2B97BDD100141914 /* AuthHelper.swift in Sources */ = {isa = PBXBuildFile; fileRef = 3C3F461E2B97BDD100141914 /* AuthHelper.swift */; };
		3C3F46272B9F8A0500141914 /* ImageFeedUITests.swift in Sources */ = {isa = PBXBuildFile; fileRef = 3C3F46262B9F8A0500141914 /* ImageFeedUITests.swift */; };
		3C3F46292B9F8A0500141914 /* ImageFeedUITestsLaunchTests.swift in Sources */ = {isa = PBXBuildFile; fileRef = 3C3F46282B9F8A0500141914 /* ImageFeedUITestsLaunchTests.swift */; };
		3C9EF8022B73A97200AA4485 /* WebViewPresenter.swift in Sources */ = {isa = PBXBuildFile; fileRef = 3C9EF8012B73A97200AA4485 /* WebViewPresenter.swift */; };
		3CC791B22B20FE830066AA7C /* TabBarViewController.swift in Sources */ = {isa = PBXBuildFile; fileRef = 3CC791B12B20FE830066AA7C /* TabBarViewController.swift */; };
		3CCD734E2ACC5C970064C859 /* OAuthTokenResponseBody.swift in Sources */ = {isa = PBXBuildFile; fileRef = 3CCD734D2ACC5C970064C859 /* OAuthTokenResponseBody.swift */; };
		3CCD73502ACEB32F0064C859 /* OAuth2Service.swift in Sources */ = {isa = PBXBuildFile; fileRef = 3CCD734F2ACEB32F0064C859 /* OAuth2Service.swift */; };
		3CCD73522ACEDC500064C859 /* OAuth2TokenStorage.swift in Sources */ = {isa = PBXBuildFile; fileRef = 3CCD73512ACEDC500064C859 /* OAuth2TokenStorage.swift */; };
		3CCD73552AD80AD10064C859 /* SplashViewController.swift in Sources */ = {isa = PBXBuildFile; fileRef = 3CCD73542AD80AD00064C859 /* SplashViewController.swift */; };
		3CD4EFEB2AE8671C005CC8AD /* ProgressHUD in Frameworks */ = {isa = PBXBuildFile; productRef = 3CD4EFEA2AE8671C005CC8AD /* ProgressHUD */; };
		3CD4EFED2AF908D9005CC8AD /* UIBlockingProgressHUD.swift in Sources */ = {isa = PBXBuildFile; fileRef = 3CD4EFEC2AF908D9005CC8AD /* UIBlockingProgressHUD.swift */; };
		3CD4EFEF2AFA481D005CC8AD /* ProfileService.swift in Sources */ = {isa = PBXBuildFile; fileRef = 3CD4EFEE2AFA481D005CC8AD /* ProfileService.swift */; };
		3CD4EFF12AFA5495005CC8AD /* Profile.swift in Sources */ = {isa = PBXBuildFile; fileRef = 3CD4EFF02AFA5495005CC8AD /* Profile.swift */; };
		3CD4EFF32AFBE457005CC8AD /* ProfileImageService.swift in Sources */ = {isa = PBXBuildFile; fileRef = 3CD4EFF22AFBE457005CC8AD /* ProfileImageService.swift */; };
		3CD4EFF52B0389FC005CC8AD /* URLSessionAndExtension.swift in Sources */ = {isa = PBXBuildFile; fileRef = 3CD4EFF42B0389FC005CC8AD /* URLSessionAndExtension.swift */; };
		3CD4EFF82B0FBCE8005CC8AD /* Kingfisher in Frameworks */ = {isa = PBXBuildFile; productRef = 3CD4EFF72B0FBCE8005CC8AD /* Kingfisher */; };
		3CD4EFFB2B14DC13005CC8AD /* SwiftKeychainWrapper in Frameworks */ = {isa = PBXBuildFile; productRef = 3CD4EFFA2B14DC13005CC8AD /* SwiftKeychainWrapper */; };
		3CD542D72AB1FA4700073ABD /* AuthConfiguration.swift in Sources */ = {isa = PBXBuildFile; fileRef = 3CD542D62AB1FA4700073ABD /* AuthConfiguration.swift */; };
		3CD542DE2AB73FBC00073ABD /* WebViewViewController.swift in Sources */ = {isa = PBXBuildFile; fileRef = 3CD542DD2AB73FBC00073ABD /* WebViewViewController.swift */; };
		3CD542E02AB7422600073ABD /* AuthVIewController.swift in Sources */ = {isa = PBXBuildFile; fileRef = 3CD542DF2AB7422600073ABD /* AuthVIewController.swift */; };
/* End PBXBuildFile section */

/* Begin PBXContainerItemProxy section */
		3C2C23772BA0E64300AFF559 /* PBXContainerItemProxy */ = {
			isa = PBXContainerItemProxy;
			containerPortal = 3C1C2C1F2A781362008EEB95 /* Project object */;
			proxyType = 1;
			remoteGlobalIDString = 3C1C2C262A781362008EEB95;
			remoteInfo = ImageFeed;
		};
		3C3F462A2B9F8A0500141914 /* PBXContainerItemProxy */ = {
			isa = PBXContainerItemProxy;
			containerPortal = 3C1C2C1F2A781362008EEB95 /* Project object */;
			proxyType = 1;
			remoteGlobalIDString = 3C1C2C262A781362008EEB95;
			remoteInfo = ImageFeed;
		};
/* End PBXContainerItemProxy section */

/* Begin PBXFileReference section */
		3C1C2C272A781362008EEB95 /* ImageFeed.app */ = {isa = PBXFileReference; explicitFileType = wrapper.application; includeInIndex = 0; path = ImageFeed.app; sourceTree = BUILT_PRODUCTS_DIR; };
		3C1C2C2A2A781362008EEB95 /* AppDelegate.swift */ = {isa = PBXFileReference; lastKnownFileType = sourcecode.swift; path = AppDelegate.swift; sourceTree = "<group>"; };
		3C1C2C2C2A781362008EEB95 /* SceneDelegate.swift */ = {isa = PBXFileReference; lastKnownFileType = sourcecode.swift; path = SceneDelegate.swift; sourceTree = "<group>"; };
		3C1C2C332A781364008EEB95 /* Assets.xcassets */ = {isa = PBXFileReference; lastKnownFileType = folder.assetcatalog; path = Assets.xcassets; sourceTree = "<group>"; };
		3C1C2C362A781364008EEB95 /* Base */ = {isa = PBXFileReference; lastKnownFileType = file.storyboard; name = Base; path = Base.lproj/LaunchScreen.storyboard; sourceTree = "<group>"; };
		3C1C2C382A781364008EEB95 /* Info.plist */ = {isa = PBXFileReference; lastKnownFileType = text.plist.xml; path = Info.plist; sourceTree = "<group>"; };
		3C1C2C802A979E58008EEB95 /* Main.storyboard */ = {isa = PBXFileReference; fileEncoding = 4; lastKnownFileType = file.storyboard; path = Main.storyboard; sourceTree = "<group>"; };
		3C1C2C832A979E78008EEB95 /* UIColorAndExtension .swift */ = {isa = PBXFileReference; fileEncoding = 4; lastKnownFileType = sourcecode.swift; path = "UIColorAndExtension .swift"; sourceTree = "<group>"; };
		3C1C2C862A979E8E008EEB95 /* ImageListCell.swift */ = {isa = PBXFileReference; fileEncoding = 4; lastKnownFileType = sourcecode.swift; path = ImageListCell.swift; sourceTree = "<group>"; };
		3C1C2C872A979E8E008EEB95 /* ImagesListViewController.swift */ = {isa = PBXFileReference; fileEncoding = 4; lastKnownFileType = sourcecode.swift; path = ImagesListViewController.swift; sourceTree = "<group>"; };
		3C1C2C8C2A989386008EEB95 /* ProfileViewController.swift */ = {isa = PBXFileReference; lastKnownFileType = sourcecode.swift; path = ProfileViewController.swift; sourceTree = "<group>"; };
		3C1C2C8E2A9D3DBC008EEB95 /* SingleImageViewController.swift */ = {isa = PBXFileReference; lastKnownFileType = sourcecode.swift; path = SingleImageViewController.swift; sourceTree = "<group>"; };
		3C2C23732BA0E64300AFF559 /* ImageFeedTests.xctest */ = {isa = PBXFileReference; explicitFileType = wrapper.cfbundle; includeInIndex = 0; path = ImageFeedTests.xctest; sourceTree = BUILT_PRODUCTS_DIR; };
		3C2C23752BA0E64300AFF559 /* WebViewTests.swift */ = {isa = PBXFileReference; lastKnownFileType = sourcecode.swift; path = WebViewTests.swift; sourceTree = "<group>"; };
		3C2C237C2BA0E7D000AFF559 /* WebViewControllerMock.swift */ = {isa = PBXFileReference; lastKnownFileType = sourcecode.swift; path = WebViewControllerMock.swift; sourceTree = "<group>"; };
		3C2C237E2BA0E97000AFF559 /* ProfileViewControllerTests.swift */ = {isa = PBXFileReference; lastKnownFileType = sourcecode.swift; path = ProfileViewControllerTests.swift; sourceTree = "<group>"; };
		3C2C23802BA0E9BC00AFF559 /* ProfileViewControllerMock.swift */ = {isa = PBXFileReference; lastKnownFileType = sourcecode.swift; path = ProfileViewControllerMock.swift; sourceTree = "<group>"; };
		3C2C23822BA0ED4C00AFF559 /* ImageListViewControllerMock.swift */ = {isa = PBXFileReference; lastKnownFileType = sourcecode.swift; path = ImageListViewControllerMock.swift; sourceTree = "<group>"; };
		3C2C23842BA0ED5C00AFF559 /* ImageListViewControllerTests.swift */ = {isa = PBXFileReference; lastKnownFileType = sourcecode.swift; path = ImageListViewControllerTests.swift; sourceTree = "<group>"; };
		3C32D0F02B4ED24C00F089D6 /* CleanService.swift */ = {isa = PBXFileReference; lastKnownFileType = sourcecode.swift; path = CleanService.swift; sourceTree = "<group>"; };
		3C32D0F32B4ED37100F089D6 /* Photo.swift */ = {isa = PBXFileReference; lastKnownFileType = sourcecode.swift; path = Photo.swift; sourceTree = "<group>"; };
		3C32D0F52B4ED39800F089D6 /* UrlsResult.swift */ = {isa = PBXFileReference; lastKnownFileType = sourcecode.swift; path = UrlsResult.swift; sourceTree = "<group>"; };
		3C32D0F72B4ED3B600F089D6 /* PhotoResult.swift */ = {isa = PBXFileReference; lastKnownFileType = sourcecode.swift; path = PhotoResult.swift; sourceTree = "<group>"; };
		3C32D0F92B4ED4B200F089D6 /* ProfileResult.swift */ = {isa = PBXFileReference; lastKnownFileType = sourcecode.swift; path = ProfileResult.swift; sourceTree = "<group>"; };
		3C32D0FB2B4ED51700F089D6 /* UserResult.swift */ = {isa = PBXFileReference; lastKnownFileType = sourcecode.swift; path = UserResult.swift; sourceTree = "<group>"; };
		3C32D0FD2B4ED53100F089D6 /* ProfileImage.swift */ = {isa = PBXFileReference; lastKnownFileType = sourcecode.swift; path = ProfileImage.swift; sourceTree = "<group>"; };
		3C37ABD02B309C6800B5AF14 /* ImagesListService.swift */ = {isa = PBXFileReference; lastKnownFileType = sourcecode.swift; path = ImagesListService.swift; sourceTree = "<group>"; };
		3C3F461E2B97BDD100141914 /* AuthHelper.swift */ = {isa = PBXFileReference; lastKnownFileType = sourcecode.swift; path = AuthHelper.swift; sourceTree = "<group>"; };
		3C3F46242B9F8A0500141914 /* ImageFeedUITests.xctest */ = {isa = PBXFileReference; explicitFileType = wrapper.cfbundle; includeInIndex = 0; path = ImageFeedUITests.xctest; sourceTree = BUILT_PRODUCTS_DIR; };
		3C3F46262B9F8A0500141914 /* ImageFeedUITests.swift */ = {isa = PBXFileReference; lastKnownFileType = sourcecode.swift; path = ImageFeedUITests.swift; sourceTree = "<group>"; };
		3C3F46282B9F8A0500141914 /* ImageFeedUITestsLaunchTests.swift */ = {isa = PBXFileReference; lastKnownFileType = sourcecode.swift; path = ImageFeedUITestsLaunchTests.swift; sourceTree = "<group>"; };
		3C9EF8012B73A97200AA4485 /* WebViewPresenter.swift */ = {isa = PBXFileReference; lastKnownFileType = sourcecode.swift; path = WebViewPresenter.swift; sourceTree = "<group>"; };
		3CC791B12B20FE830066AA7C /* TabBarViewController.swift */ = {isa = PBXFileReference; lastKnownFileType = sourcecode.swift; path = TabBarViewController.swift; sourceTree = "<group>"; };
		3CCD734D2ACC5C970064C859 /* OAuthTokenResponseBody.swift */ = {isa = PBXFileReference; lastKnownFileType = sourcecode.swift; path = OAuthTokenResponseBody.swift; sourceTree = "<group>"; };
		3CCD734F2ACEB32F0064C859 /* OAuth2Service.swift */ = {isa = PBXFileReference; lastKnownFileType = sourcecode.swift; path = OAuth2Service.swift; sourceTree = "<group>"; };
		3CCD73512ACEDC500064C859 /* OAuth2TokenStorage.swift */ = {isa = PBXFileReference; lastKnownFileType = sourcecode.swift; path = OAuth2TokenStorage.swift; sourceTree = "<group>"; };
		3CCD73542AD80AD00064C859 /* SplashViewController.swift */ = {isa = PBXFileReference; lastKnownFileType = sourcecode.swift; path = SplashViewController.swift; sourceTree = "<group>"; };
		3CD4EFEC2AF908D9005CC8AD /* UIBlockingProgressHUD.swift */ = {isa = PBXFileReference; lastKnownFileType = sourcecode.swift; path = UIBlockingProgressHUD.swift; sourceTree = "<group>"; };
		3CD4EFEE2AFA481D005CC8AD /* ProfileService.swift */ = {isa = PBXFileReference; lastKnownFileType = sourcecode.swift; path = ProfileService.swift; sourceTree = "<group>"; };
		3CD4EFF02AFA5495005CC8AD /* Profile.swift */ = {isa = PBXFileReference; lastKnownFileType = sourcecode.swift; path = Profile.swift; sourceTree = "<group>"; };
		3CD4EFF22AFBE457005CC8AD /* ProfileImageService.swift */ = {isa = PBXFileReference; lastKnownFileType = sourcecode.swift; path = ProfileImageService.swift; sourceTree = "<group>"; };
		3CD4EFF42B0389FC005CC8AD /* URLSessionAndExtension.swift */ = {isa = PBXFileReference; lastKnownFileType = sourcecode.swift; path = URLSessionAndExtension.swift; sourceTree = "<group>"; };
		3CD542D62AB1FA4700073ABD /* AuthConfiguration.swift */ = {isa = PBXFileReference; lastKnownFileType = sourcecode.swift; path = AuthConfiguration.swift; sourceTree = "<group>"; };
		3CD542DD2AB73FBC00073ABD /* WebViewViewController.swift */ = {isa = PBXFileReference; lastKnownFileType = sourcecode.swift; path = WebViewViewController.swift; sourceTree = "<group>"; };
		3CD542DF2AB7422600073ABD /* AuthVIewController.swift */ = {isa = PBXFileReference; lastKnownFileType = sourcecode.swift; path = AuthVIewController.swift; sourceTree = "<group>"; };
/* End PBXFileReference section */

/* Begin PBXFrameworksBuildPhase section */
		3C1C2C242A781362008EEB95 /* Frameworks */ = {
			isa = PBXFrameworksBuildPhase;
			buildActionMask = 2147483647;
			files = (
				3CD4EFF82B0FBCE8005CC8AD /* Kingfisher in Frameworks */,
				3CD4EFEB2AE8671C005CC8AD /* ProgressHUD in Frameworks */,
				3CD4EFFB2B14DC13005CC8AD /* SwiftKeychainWrapper in Frameworks */,
			);
			runOnlyForDeploymentPostprocessing = 0;
		};
		3C2C23702BA0E64300AFF559 /* Frameworks */ = {
			isa = PBXFrameworksBuildPhase;
			buildActionMask = 2147483647;
			files = (
			);
			runOnlyForDeploymentPostprocessing = 0;
		};
		3C3F46212B9F8A0500141914 /* Frameworks */ = {
			isa = PBXFrameworksBuildPhase;
			buildActionMask = 2147483647;
			files = (
			);
			runOnlyForDeploymentPostprocessing = 0;
		};
/* End PBXFrameworksBuildPhase section */

/* Begin PBXGroup section */
		3C1C2C1E2A781362008EEB95 = {
			isa = PBXGroup;
			children = (
				3C1C2C292A781362008EEB95 /* ImageFeed */,
				3C3F46252B9F8A0500141914 /* ImageFeedUITests */,
				3C2C23742BA0E64300AFF559 /* ImageFeedTests */,
				3C1C2C282A781362008EEB95 /* Products */,
			);
			sourceTree = "<group>";
		};
		3C1C2C282A781362008EEB95 /* Products */ = {
			isa = PBXGroup;
			children = (
				3C1C2C272A781362008EEB95 /* ImageFeed.app */,
				3C3F46242B9F8A0500141914 /* ImageFeedUITests.xctest */,
				3C2C23732BA0E64300AFF559 /* ImageFeedTests.xctest */,
			);
			name = Products;
			sourceTree = "<group>";
		};
		3C1C2C292A781362008EEB95 /* ImageFeed */ = {
			isa = PBXGroup;
			children = (
				3C32D0F22B4ED35100F089D6 /* Models */,
				3CCD73532AD80ABF0064C859 /* SplashViewController */,
				3CD542DC2AB7303700073ABD /* Auth */,
				3CD542D52AB1FA3200073ABD /* Unsplash */,
				3C1C2C852A979E8E008EEB95 /* ImageList */,
				3CD542D42AB1F9C200073ABD /* Profile */,
				3C1C2C2A2A781362008EEB95 /* AppDelegate.swift */,
				3C1C2C2C2A781362008EEB95 /* SceneDelegate.swift */,
				3C1C2C802A979E58008EEB95 /* Main.storyboard */,
				3C1C2C332A781364008EEB95 /* Assets.xcassets */,
				3C1C2C822A979E78008EEB95 /* Helpers */,
				3C1C2C352A781364008EEB95 /* LaunchScreen.storyboard */,
				3C1C2C382A781364008EEB95 /* Info.plist */,
				3CD4EFEC2AF908D9005CC8AD /* UIBlockingProgressHUD.swift */,
			);
			path = ImageFeed;
			sourceTree = "<group>";
		};
		3C1C2C822A979E78008EEB95 /* Helpers */ = {
			isa = PBXGroup;
			children = (
				3C1C2C832A979E78008EEB95 /* UIColorAndExtension .swift */,
				3CD4EFF42B0389FC005CC8AD /* URLSessionAndExtension.swift */,
			);
			path = Helpers;
			sourceTree = "<group>";
		};
		3C1C2C852A979E8E008EEB95 /* ImageList */ = {
			isa = PBXGroup;
			children = (
				3C1C2C862A979E8E008EEB95 /* ImageListCell.swift */,
				3C1C2C872A979E8E008EEB95 /* ImagesListViewController.swift */,
				3C1C2C8E2A9D3DBC008EEB95 /* SingleImageViewController.swift */,
				3CC791B12B20FE830066AA7C /* TabBarViewController.swift */,
				3C37ABD02B309C6800B5AF14 /* ImagesListService.swift */,
			);
			path = ImageList;
			sourceTree = "<group>";
		};
		3C2C23742BA0E64300AFF559 /* ImageFeedTests */ = {
			isa = PBXGroup;
			children = (
				3C2C23752BA0E64300AFF559 /* WebViewTests.swift */,
				3C2C237C2BA0E7D000AFF559 /* WebViewControllerMock.swift */,
				3C2C237E2BA0E97000AFF559 /* ProfileViewControllerTests.swift */,
				3C2C23802BA0E9BC00AFF559 /* ProfileViewControllerMock.swift */,
				3C2C23822BA0ED4C00AFF559 /* ImageListViewControllerMock.swift */,
				3C2C23842BA0ED5C00AFF559 /* ImageListViewControllerTests.swift */,
			);
			path = ImageFeedTests;
			sourceTree = "<group>";
		};
		3C32D0F22B4ED35100F089D6 /* Models */ = {
			isa = PBXGroup;
			children = (
				3CCD734D2ACC5C970064C859 /* OAuthTokenResponseBody.swift */,
				3C32D0F32B4ED37100F089D6 /* Photo.swift */,
				3C32D0F72B4ED3B600F089D6 /* PhotoResult.swift */,
				3CD4EFF02AFA5495005CC8AD /* Profile.swift */,
				3C32D0FD2B4ED53100F089D6 /* ProfileImage.swift */,
				3C32D0F92B4ED4B200F089D6 /* ProfileResult.swift */,
				3C32D0F52B4ED39800F089D6 /* UrlsResult.swift */,
				3C32D0FB2B4ED51700F089D6 /* UserResult.swift */,
			);
			path = Models;
			sourceTree = "<group>";
		};
		3C3F46252B9F8A0500141914 /* ImageFeedUITests */ = {
			isa = PBXGroup;
			children = (
				3C3F46262B9F8A0500141914 /* ImageFeedUITests.swift */,
				3C3F46282B9F8A0500141914 /* ImageFeedUITestsLaunchTests.swift */,
			);
			path = ImageFeedUITests;
			sourceTree = "<group>";
		};
		3CCD73532AD80ABF0064C859 /* SplashViewController */ = {
			isa = PBXGroup;
			children = (
				3CCD73542AD80AD00064C859 /* SplashViewController.swift */,
			);
			path = SplashViewController;
			sourceTree = "<group>";
		};
		3CD542D42AB1F9C200073ABD /* Profile */ = {
			isa = PBXGroup;
			children = (
				3C1C2C8C2A989386008EEB95 /* ProfileViewController.swift */,
				3CD4EFEE2AFA481D005CC8AD /* ProfileService.swift */,
				3CD4EFF22AFBE457005CC8AD /* ProfileImageService.swift */,
			);
			path = Profile;
			sourceTree = "<group>";
		};
		3CD542D52AB1FA3200073ABD /* Unsplash */ = {
			isa = PBXGroup;
			children = (
				3CD542D62AB1FA4700073ABD /* AuthConfiguration.swift */,
			);
			path = Unsplash;
			sourceTree = "<group>";
		};
		3CD542DC2AB7303700073ABD /* Auth */ = {
			isa = PBXGroup;
			children = (
				3C3F461E2B97BDD100141914 /* AuthHelper.swift */,
				3CD542DF2AB7422600073ABD /* AuthVIewController.swift */,
				3C32D0F02B4ED24C00F089D6 /* CleanService.swift */,
				3CCD734F2ACEB32F0064C859 /* OAuth2Service.swift */,
				3CCD73512ACEDC500064C859 /* OAuth2TokenStorage.swift */,
				3C9EF8012B73A97200AA4485 /* WebViewPresenter.swift */,
				3CD542DD2AB73FBC00073ABD /* WebViewViewController.swift */,
			);
			path = Auth;
			sourceTree = "<group>";
		};
/* End PBXGroup section */

/* Begin PBXNativeTarget section */
		3C1C2C262A781362008EEB95 /* ImageFeed */ = {
			isa = PBXNativeTarget;
			buildConfigurationList = 3C1C2C3B2A781364008EEB95 /* Build configuration list for PBXNativeTarget "ImageFeed" */;
			buildPhases = (
				3C1C2C232A781362008EEB95 /* Sources */,
				3C1C2C242A781362008EEB95 /* Frameworks */,
				3C1C2C252A781362008EEB95 /* Resources */,
			);
			buildRules = (
			);
			dependencies = (
			);
			name = ImageFeed;
			packageProductDependencies = (
				3CD4EFEA2AE8671C005CC8AD /* ProgressHUD */,
				3CD4EFF72B0FBCE8005CC8AD /* Kingfisher */,
				3CD4EFFA2B14DC13005CC8AD /* SwiftKeychainWrapper */,
			);
			productName = ImageFeed;
			productReference = 3C1C2C272A781362008EEB95 /* ImageFeed.app */;
			productType = "com.apple.product-type.application";
		};
		3C2C23722BA0E64300AFF559 /* ImageFeedTests */ = {
			isa = PBXNativeTarget;
			buildConfigurationList = 3C2C237B2BA0E64400AFF559 /* Build configuration list for PBXNativeTarget "ImageFeedTests" */;
			buildPhases = (
				3C2C236F2BA0E64300AFF559 /* Sources */,
				3C2C23702BA0E64300AFF559 /* Frameworks */,
				3C2C23712BA0E64300AFF559 /* Resources */,
			);
			buildRules = (
			);
			dependencies = (
				3C2C23782BA0E64300AFF559 /* PBXTargetDependency */,
			);
			name = ImageFeedTests;
			productName = ImageFeedTests;
			productReference = 3C2C23732BA0E64300AFF559 /* ImageFeedTests.xctest */;
			productType = "com.apple.product-type.bundle.unit-test";
		};
		3C3F46232B9F8A0500141914 /* ImageFeedUITests */ = {
			isa = PBXNativeTarget;
			buildConfigurationList = 3C3F462C2B9F8A0500141914 /* Build configuration list for PBXNativeTarget "ImageFeedUITests" */;
			buildPhases = (
				3C3F46202B9F8A0500141914 /* Sources */,
				3C3F46212B9F8A0500141914 /* Frameworks */,
				3C3F46222B9F8A0500141914 /* Resources */,
			);
			buildRules = (
			);
			dependencies = (
				3C3F462B2B9F8A0500141914 /* PBXTargetDependency */,
			);
			name = ImageFeedUITests;
			productName = ImageFeedUITests;
			productReference = 3C3F46242B9F8A0500141914 /* ImageFeedUITests.xctest */;
			productType = "com.apple.product-type.bundle.ui-testing";
		};
/* End PBXNativeTarget section */

/* Begin PBXProject section */
		3C1C2C1F2A781362008EEB95 /* Project object */ = {
			isa = PBXProject;
			attributes = {
				BuildIndependentTargetsInParallel = 1;
				LastSwiftUpdateCheck = 1410;
				LastUpgradeCheck = 1410;
				TargetAttributes = {
					3C1C2C262A781362008EEB95 = {
						CreatedOnToolsVersion = 14.1;
					};
					3C2C23722BA0E64300AFF559 = {
						CreatedOnToolsVersion = 14.1;
						TestTargetID = 3C1C2C262A781362008EEB95;
					};
					3C3F46232B9F8A0500141914 = {
						CreatedOnToolsVersion = 14.1;
						TestTargetID = 3C1C2C262A781362008EEB95;
					};
				};
			};
			buildConfigurationList = 3C1C2C222A781362008EEB95 /* Build configuration list for PBXProject "ImageFeed" */;
			compatibilityVersion = "Xcode 14.0";
			developmentRegion = en;
			hasScannedForEncodings = 0;
			knownRegions = (
				en,
				Base,
			);
			mainGroup = 3C1C2C1E2A781362008EEB95;
			packageReferences = (
				3CD4EFE92AE8671C005CC8AD /* XCRemoteSwiftPackageReference "ProgressHUD" */,
				3CD4EFF62B0FBCE8005CC8AD /* XCRemoteSwiftPackageReference "Kingfisher" */,
				3CD4EFF92B14DC13005CC8AD /* XCRemoteSwiftPackageReference "SwiftKeychainWrapper" */,
			);
			productRefGroup = 3C1C2C282A781362008EEB95 /* Products */;
			projectDirPath = "";
			projectRoot = "";
			targets = (
				3C1C2C262A781362008EEB95 /* ImageFeed */,
				3C3F46232B9F8A0500141914 /* ImageFeedUITests */,
				3C2C23722BA0E64300AFF559 /* ImageFeedTests */,
			);
		};
/* End PBXProject section */

/* Begin PBXResourcesBuildPhase section */
		3C1C2C252A781362008EEB95 /* Resources */ = {
			isa = PBXResourcesBuildPhase;
			buildActionMask = 2147483647;
			files = (
				3C1C2C372A781364008EEB95 /* LaunchScreen.storyboard in Resources */,
				3C1C2C342A781364008EEB95 /* Assets.xcassets in Resources */,
				3C1C2C812A979E58008EEB95 /* Main.storyboard in Resources */,
			);
			runOnlyForDeploymentPostprocessing = 0;
		};
		3C2C23712BA0E64300AFF559 /* Resources */ = {
			isa = PBXResourcesBuildPhase;
			buildActionMask = 2147483647;
			files = (
			);
			runOnlyForDeploymentPostprocessing = 0;
		};
		3C3F46222B9F8A0500141914 /* Resources */ = {
			isa = PBXResourcesBuildPhase;
			buildActionMask = 2147483647;
			files = (
			);
			runOnlyForDeploymentPostprocessing = 0;
		};
/* End PBXResourcesBuildPhase section */

/* Begin PBXSourcesBuildPhase section */
		3C1C2C232A781362008EEB95 /* Sources */ = {
			isa = PBXSourcesBuildPhase;
			buildActionMask = 2147483647;
			files = (
				3C32D0F62B4ED39800F089D6 /* UrlsResult.swift in Sources */,
				3CD4EFF12AFA5495005CC8AD /* Profile.swift in Sources */,
				3CD542DE2AB73FBC00073ABD /* WebViewViewController.swift in Sources */,
				3CD4EFEF2AFA481D005CC8AD /* ProfileService.swift in Sources */,
				3C1C2C8D2A989386008EEB95 /* ProfileViewController.swift in Sources */,
				3C37ABD12B309C6800B5AF14 /* ImagesListService.swift in Sources */,
				3CCD73502ACEB32F0064C859 /* OAuth2Service.swift in Sources */,
				3C1C2C2B2A781362008EEB95 /* AppDelegate.swift in Sources */,
				3C32D0FC2B4ED51700F089D6 /* UserResult.swift in Sources */,
				3C32D0FE2B4ED53100F089D6 /* ProfileImage.swift in Sources */,
				3C1C2C8A2A979E8E008EEB95 /* ImagesListViewController.swift in Sources */,
				3CCD73552AD80AD10064C859 /* SplashViewController.swift in Sources */,
				3CC791B22B20FE830066AA7C /* TabBarViewController.swift in Sources */,
				3C32D0F82B4ED3B600F089D6 /* PhotoResult.swift in Sources */,
				3C32D0FA2B4ED4B200F089D6 /* ProfileResult.swift in Sources */,
				3CCD734E2ACC5C970064C859 /* OAuthTokenResponseBody.swift in Sources */,
				3CD542E02AB7422600073ABD /* AuthVIewController.swift in Sources */,
				3C3F461F2B97BDD100141914 /* AuthHelper.swift in Sources */,
				3CD4EFED2AF908D9005CC8AD /* UIBlockingProgressHUD.swift in Sources */,
				3C32D0F12B4ED24C00F089D6 /* CleanService.swift in Sources */,
				3C1C2C8F2A9D3DBC008EEB95 /* SingleImageViewController.swift in Sources */,
				3C1C2C892A979E8E008EEB95 /* ImageListCell.swift in Sources */,
				3C32D0F42B4ED37100F089D6 /* Photo.swift in Sources */,
				3C9EF8022B73A97200AA4485 /* WebViewPresenter.swift in Sources */,
				3C1C2C842A979E78008EEB95 /* UIColorAndExtension .swift in Sources */,
				3C1C2C2D2A781362008EEB95 /* SceneDelegate.swift in Sources */,
				3CD4EFF32AFBE457005CC8AD /* ProfileImageService.swift in Sources */,
				3CD4EFF52B0389FC005CC8AD /* URLSessionAndExtension.swift in Sources */,
				3CCD73522ACEDC500064C859 /* OAuth2TokenStorage.swift in Sources */,
				3CD542D72AB1FA4700073ABD /* AuthConfiguration.swift in Sources */,
			);
			runOnlyForDeploymentPostprocessing = 0;
		};
		3C2C236F2BA0E64300AFF559 /* Sources */ = {
			isa = PBXSourcesBuildPhase;
			buildActionMask = 2147483647;
			files = (
				3C2C23852BA0ED5C00AFF559 /* ImageListViewControllerTests.swift in Sources */,
				3C2C23812BA0E9BC00AFF559 /* ProfileViewControllerMock.swift in Sources */,
				3C2C23762BA0E64300AFF559 /* WebViewTests.swift in Sources */,
				3C2C237D2BA0E7D000AFF559 /* WebViewControllerMock.swift in Sources */,
				3C2C237F2BA0E97000AFF559 /* ProfileViewControllerTests.swift in Sources */,
				3C2C23832BA0ED4C00AFF559 /* ImageListViewControllerMock.swift in Sources */,
			);
			runOnlyForDeploymentPostprocessing = 0;
		};
		3C3F46202B9F8A0500141914 /* Sources */ = {
			isa = PBXSourcesBuildPhase;
			buildActionMask = 2147483647;
			files = (
				3C3F46292B9F8A0500141914 /* ImageFeedUITestsLaunchTests.swift in Sources */,
				3C3F46272B9F8A0500141914 /* ImageFeedUITests.swift in Sources */,
			);
			runOnlyForDeploymentPostprocessing = 0;
		};
/* End PBXSourcesBuildPhase section */

/* Begin PBXTargetDependency section */
		3C2C23782BA0E64300AFF559 /* PBXTargetDependency */ = {
			isa = PBXTargetDependency;
			target = 3C1C2C262A781362008EEB95 /* ImageFeed */;
			targetProxy = 3C2C23772BA0E64300AFF559 /* PBXContainerItemProxy */;
		};
		3C3F462B2B9F8A0500141914 /* PBXTargetDependency */ = {
			isa = PBXTargetDependency;
			target = 3C1C2C262A781362008EEB95 /* ImageFeed */;
			targetProxy = 3C3F462A2B9F8A0500141914 /* PBXContainerItemProxy */;
		};
/* End PBXTargetDependency section */

/* Begin PBXVariantGroup section */
		3C1C2C352A781364008EEB95 /* LaunchScreen.storyboard */ = {
			isa = PBXVariantGroup;
			children = (
				3C1C2C362A781364008EEB95 /* Base */,
			);
			name = LaunchScreen.storyboard;
			sourceTree = "<group>";
		};
/* End PBXVariantGroup section */

/* Begin XCBuildConfiguration section */
		3C1C2C392A781364008EEB95 /* Debug */ = {
			isa = XCBuildConfiguration;
			buildSettings = {
				ALWAYS_SEARCH_USER_PATHS = NO;
				CLANG_ANALYZER_NONNULL = YES;
				CLANG_ANALYZER_NUMBER_OBJECT_CONVERSION = YES_AGGRESSIVE;
				CLANG_CXX_LANGUAGE_STANDARD = "gnu++20";
				CLANG_ENABLE_MODULES = YES;
				CLANG_ENABLE_OBJC_ARC = YES;
				CLANG_ENABLE_OBJC_WEAK = YES;
				CLANG_WARN_BLOCK_CAPTURE_AUTORELEASING = YES;
				CLANG_WARN_BOOL_CONVERSION = YES;
				CLANG_WARN_COMMA = YES;
				CLANG_WARN_CONSTANT_CONVERSION = YES;
				CLANG_WARN_DEPRECATED_OBJC_IMPLEMENTATIONS = YES;
				CLANG_WARN_DIRECT_OBJC_ISA_USAGE = YES_ERROR;
				CLANG_WARN_DOCUMENTATION_COMMENTS = YES;
				CLANG_WARN_EMPTY_BODY = YES;
				CLANG_WARN_ENUM_CONVERSION = YES;
				CLANG_WARN_INFINITE_RECURSION = YES;
				CLANG_WARN_INT_CONVERSION = YES;
				CLANG_WARN_NON_LITERAL_NULL_CONVERSION = YES;
				CLANG_WARN_OBJC_IMPLICIT_RETAIN_SELF = YES;
				CLANG_WARN_OBJC_LITERAL_CONVERSION = YES;
				CLANG_WARN_OBJC_ROOT_CLASS = YES_ERROR;
				CLANG_WARN_QUOTED_INCLUDE_IN_FRAMEWORK_HEADER = YES;
				CLANG_WARN_RANGE_LOOP_ANALYSIS = YES;
				CLANG_WARN_STRICT_PROTOTYPES = YES;
				CLANG_WARN_SUSPICIOUS_MOVE = YES;
				CLANG_WARN_UNGUARDED_AVAILABILITY = YES_AGGRESSIVE;
				CLANG_WARN_UNREACHABLE_CODE = YES;
				CLANG_WARN__DUPLICATE_METHOD_MATCH = YES;
				COPY_PHASE_STRIP = NO;
				DEBUG_INFORMATION_FORMAT = dwarf;
				ENABLE_STRICT_OBJC_MSGSEND = YES;
				ENABLE_TESTABILITY = YES;
				GCC_C_LANGUAGE_STANDARD = gnu11;
				GCC_DYNAMIC_NO_PIC = NO;
				GCC_NO_COMMON_BLOCKS = YES;
				GCC_OPTIMIZATION_LEVEL = 0;
				GCC_PREPROCESSOR_DEFINITIONS = (
					"DEBUG=1",
					"$(inherited)",
				);
				GCC_WARN_64_TO_32_BIT_CONVERSION = YES;
				GCC_WARN_ABOUT_RETURN_TYPE = YES_ERROR;
				GCC_WARN_UNDECLARED_SELECTOR = YES;
				GCC_WARN_UNINITIALIZED_AUTOS = YES_AGGRESSIVE;
				GCC_WARN_UNUSED_FUNCTION = YES;
				GCC_WARN_UNUSED_VARIABLE = YES;
				IPHONEOS_DEPLOYMENT_TARGET = 13.0;
				MTL_ENABLE_DEBUG_INFO = INCLUDE_SOURCE;
				MTL_FAST_MATH = YES;
				ONLY_ACTIVE_ARCH = YES;
				SDKROOT = iphoneos;
				SWIFT_ACTIVE_COMPILATION_CONDITIONS = DEBUG;
				SWIFT_OPTIMIZATION_LEVEL = "-Onone";
			};
			name = Debug;
		};
		3C1C2C3A2A781364008EEB95 /* Release */ = {
			isa = XCBuildConfiguration;
			buildSettings = {
				ALWAYS_SEARCH_USER_PATHS = NO;
				CLANG_ANALYZER_NONNULL = YES;
				CLANG_ANALYZER_NUMBER_OBJECT_CONVERSION = YES_AGGRESSIVE;
				CLANG_CXX_LANGUAGE_STANDARD = "gnu++20";
				CLANG_ENABLE_MODULES = YES;
				CLANG_ENABLE_OBJC_ARC = YES;
				CLANG_ENABLE_OBJC_WEAK = YES;
				CLANG_WARN_BLOCK_CAPTURE_AUTORELEASING = YES;
				CLANG_WARN_BOOL_CONVERSION = YES;
				CLANG_WARN_COMMA = YES;
				CLANG_WARN_CONSTANT_CONVERSION = YES;
				CLANG_WARN_DEPRECATED_OBJC_IMPLEMENTATIONS = YES;
				CLANG_WARN_DIRECT_OBJC_ISA_USAGE = YES_ERROR;
				CLANG_WARN_DOCUMENTATION_COMMENTS = YES;
				CLANG_WARN_EMPTY_BODY = YES;
				CLANG_WARN_ENUM_CONVERSION = YES;
				CLANG_WARN_INFINITE_RECURSION = YES;
				CLANG_WARN_INT_CONVERSION = YES;
				CLANG_WARN_NON_LITERAL_NULL_CONVERSION = YES;
				CLANG_WARN_OBJC_IMPLICIT_RETAIN_SELF = YES;
				CLANG_WARN_OBJC_LITERAL_CONVERSION = YES;
				CLANG_WARN_OBJC_ROOT_CLASS = YES_ERROR;
				CLANG_WARN_QUOTED_INCLUDE_IN_FRAMEWORK_HEADER = YES;
				CLANG_WARN_RANGE_LOOP_ANALYSIS = YES;
				CLANG_WARN_STRICT_PROTOTYPES = YES;
				CLANG_WARN_SUSPICIOUS_MOVE = YES;
				CLANG_WARN_UNGUARDED_AVAILABILITY = YES_AGGRESSIVE;
				CLANG_WARN_UNREACHABLE_CODE = YES;
				CLANG_WARN__DUPLICATE_METHOD_MATCH = YES;
				COPY_PHASE_STRIP = NO;
				DEBUG_INFORMATION_FORMAT = "dwarf-with-dsym";
				ENABLE_NS_ASSERTIONS = NO;
				ENABLE_STRICT_OBJC_MSGSEND = YES;
				GCC_C_LANGUAGE_STANDARD = gnu11;
				GCC_NO_COMMON_BLOCKS = YES;
				GCC_WARN_64_TO_32_BIT_CONVERSION = YES;
				GCC_WARN_ABOUT_RETURN_TYPE = YES_ERROR;
				GCC_WARN_UNDECLARED_SELECTOR = YES;
				GCC_WARN_UNINITIALIZED_AUTOS = YES_AGGRESSIVE;
				GCC_WARN_UNUSED_FUNCTION = YES;
				GCC_WARN_UNUSED_VARIABLE = YES;
				IPHONEOS_DEPLOYMENT_TARGET = 13.0;
				MTL_ENABLE_DEBUG_INFO = NO;
				MTL_FAST_MATH = YES;
				SDKROOT = iphoneos;
				SWIFT_COMPILATION_MODE = wholemodule;
				SWIFT_OPTIMIZATION_LEVEL = "-O";
				VALIDATE_PRODUCT = YES;
			};
			name = Release;
		};
		3C1C2C3C2A781364008EEB95 /* Debug */ = {
			isa = XCBuildConfiguration;
			buildSettings = {
				ASSETCATALOG_COMPILER_APPICON_NAME = AppIcon;
				ASSETCATALOG_COMPILER_GLOBAL_ACCENT_COLOR_NAME = AccentColor;
				CODE_SIGN_STYLE = Automatic;
				CURRENT_PROJECT_VERSION = 1;
				DEVELOPMENT_TEAM = 4348BNWWDG;
				GENERATE_INFOPLIST_FILE = YES;
				INFOPLIST_FILE = ImageFeed/Info.plist;
				INFOPLIST_KEY_UIApplicationSupportsIndirectInputEvents = YES;
				INFOPLIST_KEY_UILaunchStoryboardName = LaunchScreen;
				INFOPLIST_KEY_UIMainStoryboardFile = Main;
				INFOPLIST_KEY_UISupportedInterfaceOrientations = UIInterfaceOrientationPortrait;
				INFOPLIST_KEY_UISupportedInterfaceOrientations_iPad = "UIInterfaceOrientationPortrait UIInterfaceOrientationPortraitUpsideDown";
				LD_RUNPATH_SEARCH_PATHS = (
					"$(inherited)",
					"@executable_path/Frameworks",
				);
				MARKETING_VERSION = 1.0;
				PRODUCT_BUNDLE_IDENTIFIER = ru.yandex.practicum.ImageFeedIra;
				PRODUCT_NAME = "$(TARGET_NAME)";
				SUPPORTED_PLATFORMS = "iphoneos iphonesimulator";
				SUPPORTS_MACCATALYST = NO;
				SUPPORTS_MAC_DESIGNED_FOR_IPHONE_IPAD = YES;
				SWIFT_EMIT_LOC_STRINGS = YES;
				SWIFT_VERSION = 5.0;
				TARGETED_DEVICE_FAMILY = 1;
			};
			name = Debug;
		};
		3C1C2C3D2A781364008EEB95 /* Release */ = {
			isa = XCBuildConfiguration;
			buildSettings = {
				ASSETCATALOG_COMPILER_APPICON_NAME = AppIcon;
				ASSETCATALOG_COMPILER_GLOBAL_ACCENT_COLOR_NAME = AccentColor;
				CODE_SIGN_STYLE = Automatic;
				CURRENT_PROJECT_VERSION = 1;
				DEVELOPMENT_TEAM = 4348BNWWDG;
				GENERATE_INFOPLIST_FILE = YES;
				INFOPLIST_FILE = ImageFeed/Info.plist;
				INFOPLIST_KEY_UIApplicationSupportsIndirectInputEvents = YES;
				INFOPLIST_KEY_UILaunchStoryboardName = LaunchScreen;
				INFOPLIST_KEY_UIMainStoryboardFile = Main;
				INFOPLIST_KEY_UISupportedInterfaceOrientations = UIInterfaceOrientationPortrait;
				INFOPLIST_KEY_UISupportedInterfaceOrientations_iPad = "UIInterfaceOrientationPortrait UIInterfaceOrientationPortraitUpsideDown";
				LD_RUNPATH_SEARCH_PATHS = (
					"$(inherited)",
					"@executable_path/Frameworks",
				);
				MARKETING_VERSION = 1.0;
				PRODUCT_BUNDLE_IDENTIFIER = ru.yandex.practicum.ImageFeedIra;
				PRODUCT_NAME = "$(TARGET_NAME)";
				SUPPORTED_PLATFORMS = "iphoneos iphonesimulator";
				SUPPORTS_MACCATALYST = NO;
				SUPPORTS_MAC_DESIGNED_FOR_IPHONE_IPAD = YES;
				SWIFT_EMIT_LOC_STRINGS = YES;
				SWIFT_VERSION = 5.0;
				TARGETED_DEVICE_FAMILY = 1;
			};
			name = Release;
		};
		3C2C23792BA0E64400AFF559 /* Debug */ = {
			isa = XCBuildConfiguration;
			buildSettings = {
				BUNDLE_LOADER = "$(TEST_HOST)";
				CODE_SIGN_STYLE = Automatic;
				CURRENT_PROJECT_VERSION = 1;
				DEVELOPMENT_TEAM = 4348BNWWDG;
				GENERATE_INFOPLIST_FILE = YES;
				IPHONEOS_DEPLOYMENT_TARGET = 16.1;
				MARKETING_VERSION = 1.0;
				PRODUCT_BUNDLE_IDENTIFIER = ru.testApp.ImageFeedTests;
				PRODUCT_NAME = "$(TARGET_NAME)";
				SWIFT_EMIT_LOC_STRINGS = NO;
				SWIFT_VERSION = 5.0;
				TARGETED_DEVICE_FAMILY = "1,2";
				TEST_HOST = "$(BUILT_PRODUCTS_DIR)/ImageFeed.app/$(BUNDLE_EXECUTABLE_FOLDER_PATH)/ImageFeed";
			};
			name = Debug;
		};
		3C2C237A2BA0E64400AFF559 /* Release */ = {
			isa = XCBuildConfiguration;
			buildSettings = {
				BUNDLE_LOADER = "$(TEST_HOST)";
				CODE_SIGN_STYLE = Automatic;
				CURRENT_PROJECT_VERSION = 1;
				DEVELOPMENT_TEAM = 4348BNWWDG;
				GENERATE_INFOPLIST_FILE = YES;
				IPHONEOS_DEPLOYMENT_TARGET = 16.1;
				MARKETING_VERSION = 1.0;
				PRODUCT_BUNDLE_IDENTIFIER = ru.testApp.ImageFeedTests;
				PRODUCT_NAME = "$(TARGET_NAME)";
				SWIFT_EMIT_LOC_STRINGS = NO;
				SWIFT_VERSION = 5.0;
				TARGETED_DEVICE_FAMILY = "1,2";
				TEST_HOST = "$(BUILT_PRODUCTS_DIR)/ImageFeed.app/$(BUNDLE_EXECUTABLE_FOLDER_PATH)/ImageFeed";
			};
			name = Release;
		};
		3C3F462D2B9F8A0500141914 /* Debug */ = {
			isa = XCBuildConfiguration;
			buildSettings = {
				CODE_SIGN_STYLE = Automatic;
				CURRENT_PROJECT_VERSION = 1;
				DEVELOPMENT_TEAM = 4348BNWWDG;
				GENERATE_INFOPLIST_FILE = YES;
				IPHONEOS_DEPLOYMENT_TARGET = 16.1;
				MARKETING_VERSION = 1.0;
				PRODUCT_BUNDLE_IDENTIFIER = ru.testApp.ImageFeedUITests;
				PRODUCT_NAME = "$(TARGET_NAME)";
				SWIFT_EMIT_LOC_STRINGS = NO;
				SWIFT_VERSION = 5.0;
				TARGETED_DEVICE_FAMILY = "1,2";
				TEST_TARGET_NAME = ImageFeed;
			};
			name = Debug;
		};
		3C3F462E2B9F8A0500141914 /* Release */ = {
			isa = XCBuildConfiguration;
			buildSettings = {
				CODE_SIGN_STYLE = Automatic;
				CURRENT_PROJECT_VERSION = 1;
				DEVELOPMENT_TEAM = 4348BNWWDG;
				GENERATE_INFOPLIST_FILE = YES;
				IPHONEOS_DEPLOYMENT_TARGET = 16.1;
				MARKETING_VERSION = 1.0;
				PRODUCT_BUNDLE_IDENTIFIER = ru.testApp.ImageFeedUITests;
				PRODUCT_NAME = "$(TARGET_NAME)";
				SWIFT_EMIT_LOC_STRINGS = NO;
				SWIFT_VERSION = 5.0;
				TARGETED_DEVICE_FAMILY = "1,2";
				TEST_TARGET_NAME = ImageFeed;
			};
			name = Release;
		};
/* End XCBuildConfiguration section */

/* Begin XCConfigurationList section */
		3C1C2C222A781362008EEB95 /* Build configuration list for PBXProject "ImageFeed" */ = {
			isa = XCConfigurationList;
			buildConfigurations = (
				3C1C2C392A781364008EEB95 /* Debug */,
				3C1C2C3A2A781364008EEB95 /* Release */,
			);
			defaultConfigurationIsVisible = 0;
			defaultConfigurationName = Release;
		};
		3C1C2C3B2A781364008EEB95 /* Build configuration list for PBXNativeTarget "ImageFeed" */ = {
			isa = XCConfigurationList;
			buildConfigurations = (
				3C1C2C3C2A781364008EEB95 /* Debug */,
				3C1C2C3D2A781364008EEB95 /* Release */,
			);
			defaultConfigurationIsVisible = 0;
			defaultConfigurationName = Release;
		};
		3C2C237B2BA0E64400AFF559 /* Build configuration list for PBXNativeTarget "ImageFeedTests" */ = {
			isa = XCConfigurationList;
			buildConfigurations = (
				3C2C23792BA0E64400AFF559 /* Debug */,
				3C2C237A2BA0E64400AFF559 /* Release */,
			);
			defaultConfigurationIsVisible = 0;
			defaultConfigurationName = Release;
		};
		3C3F462C2B9F8A0500141914 /* Build configuration list for PBXNativeTarget "ImageFeedUITests" */ = {
			isa = XCConfigurationList;
			buildConfigurations = (
				3C3F462D2B9F8A0500141914 /* Debug */,
				3C3F462E2B9F8A0500141914 /* Release */,
			);
			defaultConfigurationIsVisible = 0;
			defaultConfigurationName = Release;
		};
/* End XCConfigurationList section */

/* Begin XCRemoteSwiftPackageReference section */
		3CD4EFE92AE8671C005CC8AD /* XCRemoteSwiftPackageReference "ProgressHUD" */ = {
			isa = XCRemoteSwiftPackageReference;
			repositoryURL = "https://github.com/relatedcode/ProgressHUD.git";
			requirement = {
				kind = exactVersion;
				version = 13.6.1;
			};
		};
		3CD4EFF62B0FBCE8005CC8AD /* XCRemoteSwiftPackageReference "Kingfisher" */ = {
			isa = XCRemoteSwiftPackageReference;
			repositoryURL = "https://github.com/onevcat/Kingfisher";
			requirement = {
				kind = exactVersion;
				version = 7.10.0;
			};
		};
		3CD4EFF92B14DC13005CC8AD /* XCRemoteSwiftPackageReference "SwiftKeychainWrapper" */ = {
			isa = XCRemoteSwiftPackageReference;
			repositoryURL = "https://github.com/jrendel/SwiftKeychainWrapper";
			requirement = {
				kind = exactVersion;
				version = 4.0.1;
			};
		};
/* End XCRemoteSwiftPackageReference section */

/* Begin XCSwiftPackageProductDependency section */
		3CD4EFEA2AE8671C005CC8AD /* ProgressHUD */ = {
			isa = XCSwiftPackageProductDependency;
			package = 3CD4EFE92AE8671C005CC8AD /* XCRemoteSwiftPackageReference "ProgressHUD" */;
			productName = ProgressHUD;
		};
		3CD4EFF72B0FBCE8005CC8AD /* Kingfisher */ = {
			isa = XCSwiftPackageProductDependency;
			package = 3CD4EFF62B0FBCE8005CC8AD /* XCRemoteSwiftPackageReference "Kingfisher" */;
			productName = Kingfisher;
		};
		3CD4EFFA2B14DC13005CC8AD /* SwiftKeychainWrapper */ = {
			isa = XCSwiftPackageProductDependency;
			package = 3CD4EFF92B14DC13005CC8AD /* XCRemoteSwiftPackageReference "SwiftKeychainWrapper" */;
			productName = SwiftKeychainWrapper;
		};
/* End XCSwiftPackageProductDependency section */
	};
	rootObject = 3C1C2C1F2A781362008EEB95 /* Project object */;
}
